{
  "originHash" : "81a65306d6c1204a683360edaab3e25da273ca1d5bc7a2f2a9ff154859fec96a",
  "pins" : [
    {
      "identity" : "kupdater",
      "kind" : "remoteSourceControl",
      "location" : "https://github.com/the-best-is-best/Kupdater",
      "state" : {
        "revision" : "fb53cc744503030b18183bb077c3c522832edc53",
        "version" : "0.3.0"
      }
    }
  ],
  "version" : 3
}
